--- 
hash: 10c3d262a7999ec7fb437aaa57d8bd38d2550dc1
sources: 
- Rubygems: 
    uri: http://gemcutter.org
specs: 
- Platform: 
    version: 0.4.0
- closure-compiler: 
    version: 0.2.0
- rack: 
    version: 1.0.1
- activesupport: 
    version: 2.3.5
- actionpack: 
    version: 2.3.5
- actionmailer: 
    version: 2.3.5
- activerecord: 
    version: 2.3.5
- rake: 
    version: 0.8.7
- activeresource: 
    version: 2.3.5
- directory_watcher: 
    version: 1.3.1
- rails: 
    version: 2.3.5
- syntax: 
    version: 1.0.0
- stemmer: 
    version: 1.0.1
- open4: 
    version: 1.0.1
- POpen4: 
    version: 0.1.4
- yui-compressor: 
    version: 0.9.1
- maruku: 
    version: 0.6.0
- classifier: 
    version: 1.3.1
- liquid: 
    version: 2.0.0
- RedCloth: 
    version: 4.2.2
- jammit: 
    version: 0.4.4
- jekyll: 
    version: 0.5.7
dependencies: 
  jekyll: 
    version: = 0.5.7
    group: 
    - :default
  jammit: 
    version: = 0.4.4
    group: 
    - :default
